// !$*UTF8*$!
{
	archiveVersion = 1;
	classes = {
	};
	objectVersion = 46;
	objects = {

/* Begin PBXBuildFile section */
		F11475E51A39A85800789282 /* puzzle.png in Resources */ = {isa = PBXBuildFile; fileRef = F11475E21A39A85800789282 /* puzzle.png */; };
		F11475E61A39A85800789282 /* quizz.png in Resources */ = {isa = PBXBuildFile; fileRef = F11475E31A39A85800789282 /* quizz.png */; };
		F11475E71A39A85800789282 /* brain.png in Resources */ = {isa = PBXBuildFile; fileRef = F11475E41A39A85800789282 /* brain.png */; };
		F11475EA1A39AA4300789282 /* hammer.png in Resources */ = {isa = PBXBuildFile; fileRef = F11475E91A39AA4300789282 /* hammer.png */; };
		F11475EC1A39AA5200789282 /* logic.png in Resources */ = {isa = PBXBuildFile; fileRef = F11475EB1A39AA5200789282 /* logic.png */; };
		F11475EE1A39AA6300789282 /* action.png in Resources */ = {isa = PBXBuildFile; fileRef = F11475ED1A39AA6300789282 /* action.png */; };
		F162111E1A3878120074AC2F /* APIController.swift in Sources */ = {isa = PBXBuildFile; fileRef = F162111D1A3878120074AC2F /* APIController.swift */; };
		F198F47D1A34D9D1003BEC42 /* AppDelegate.swift in Sources */ = {isa = PBXBuildFile; fileRef = F198F47C1A34D9D1003BEC42 /* AppDelegate.swift */; };
		F198F47F1A34D9D1003BEC42 /* FirstViewController.swift in Sources */ = {isa = PBXBuildFile; fileRef = F198F47E1A34D9D1003BEC42 /* FirstViewController.swift */; };
		F198F4811A34D9D1003BEC42 /* SecondViewController.swift in Sources */ = {isa = PBXBuildFile; fileRef = F198F4801A34D9D1003BEC42 /* SecondViewController.swift */; };
		F198F4841A34D9D1003BEC42 /* Main.storyboard in Resources */ = {isa = PBXBuildFile; fileRef = F198F4821A34D9D1003BEC42 /* Main.storyboard */; };
		F198F4861A34D9D2003BEC42 /* Images.xcassets in Resources */ = {isa = PBXBuildFile; fileRef = F198F4851A34D9D2003BEC42 /* Images.xcassets */; };
		F198F4891A34D9D2003BEC42 /* LaunchScreen.xib in Resources */ = {isa = PBXBuildFile; fileRef = F198F4871A34D9D2003BEC42 /* LaunchScreen.xib */; };
		F198F4951A34D9D2003BEC42 /* interneTests.swift in Sources */ = {isa = PBXBuildFile; fileRef = F198F4941A34D9D2003BEC42 /* interneTests.swift */; };
		F198F49F1A34DA62003BEC42 /* ThirdViewController.swift in Sources */ = {isa = PBXBuildFile; fileRef = F198F49E1A34DA62003BEC42 /* ThirdViewController.swift */; };
		F198F4A31A34DBAA003BEC42 /* Block.swift in Sources */ = {isa = PBXBuildFile; fileRef = F198F4A21A34DBAA003BEC42 /* Block.swift */; };
		F198F4A51A34E2D5003BEC42 /* Programme.swift in Sources */ = {isa = PBXBuildFile; fileRef = F198F4A41A34E2D5003BEC42 /* Programme.swift */; };
		F198F4A91A34E63C003BEC42 /* APIControllerProg.swift in Sources */ = {isa = PBXBuildFile; fileRef = F198F4A81A34E63C003BEC42 /* APIControllerProg.swift */; };
		F1B8CFA61A372BF800B323EB /* ExecuteViewController.swift in Sources */ = {isa = PBXBuildFile; fileRef = F1B8CFA51A372BF800B323EB /* ExecuteViewController.swift */; };
		F1B8CFAE1A3866FE00B323EB /* Node.swift in Sources */ = {isa = PBXBuildFile; fileRef = F1B8CFAD1A3866FE00B323EB /* Node.swift */; };
		F1B8CFB81A38673A00B323EB /* Brightness.swift in Sources */ = {isa = PBXBuildFile; fileRef = F1B8CFAF1A38673A00B323EB /* Brightness.swift */; };
		F1B8CFB91A38673A00B323EB /* Else.swift in Sources */ = {isa = PBXBuildFile; fileRef = F1B8CFB01A38673A00B323EB /* Else.swift */; };
		F1B8CFBA1A38673A00B323EB /* FlashlightOFF.swift in Sources */ = {isa = PBXBuildFile; fileRef = F1B8CFB11A38673A00B323EB /* FlashlightOFF.swift */; };
		F1B8CFBB1A38673A00B323EB /* FlashlightON.swift in Sources */ = {isa = PBXBuildFile; fileRef = F1B8CFB21A38673A00B323EB /* FlashlightON.swift */; };
		F1B8CFBC1A38673A00B323EB /* IfBrightness.swift in Sources */ = {isa = PBXBuildFile; fileRef = F1B8CFB31A38673A00B323EB /* IfBrightness.swift */; };
		F1B8CFBD1A38673A00B323EB /* IfTime.swift in Sources */ = {isa = PBXBuildFile; fileRef = F1B8CFB41A38673A00B323EB /* IfTime.swift */; };
		F1B8CFBE1A38673A00B323EB /* Then.swift in Sources */ = {isa = PBXBuildFile; fileRef = F1B8CFB51A38673A00B323EB /* Then.swift */; };
		F1B8CFBF1A38673A00B323EB /* Vibrate.swift in Sources */ = {isa = PBXBuildFile; fileRef = F1B8CFB61A38673A00B323EB /* Vibrate.swift */; };
		F1B8CFC01A38673A00B323EB /* Wait.swift in Sources */ = {isa = PBXBuildFile; fileRef = F1B8CFB71A38673A00B323EB /* Wait.swift */; };
/* End PBXBuildFile section */

/* Begin PBXContainerItemProxy section */
		F198F48F1A34D9D2003BEC42 /* PBXContainerItemProxy */ = {
			isa = PBXContainerItemProxy;
			containerPortal = F198F46F1A34D9D1003BEC42 /* Project object */;
			proxyType = 1;
			remoteGlobalIDString = F198F4761A34D9D1003BEC42;
			remoteInfo = interne;
		};
/* End PBXContainerItemProxy section */

/* Begin PBXFileReference section */
		F11475E21A39A85800789282 /* puzzle.png */ = {isa = PBXFileReference; lastKnownFileType = image.png; path = puzzle.png; sourceTree = "<group>"; };
		F11475E31A39A85800789282 /* quizz.png */ = {isa = PBXFileReference; lastKnownFileType = image.png; path = quizz.png; sourceTree = "<group>"; };
		F11475E41A39A85800789282 /* brain.png */ = {isa = PBXFileReference; lastKnownFileType = image.png; path = brain.png; sourceTree = "<group>"; };
		F11475E91A39AA4300789282 /* hammer.png */ = {isa = PBXFileReference; lastKnownFileType = image.png; path = hammer.png; sourceTree = "<group>"; };
		F11475EB1A39AA5200789282 /* logic.png */ = {isa = PBXFileReference; lastKnownFileType = image.png; path = logic.png; sourceTree = "<group>"; };
		F11475ED1A39AA6300789282 /* action.png */ = {isa = PBXFileReference; lastKnownFileType = image.png; path = action.png; sourceTree = "<group>"; };
		F162111D1A3878120074AC2F /* APIController.swift */ = {isa = PBXFileReference; fileEncoding = 4; lastKnownFileType = sourcecode.swift; path = APIController.swift; sourceTree = "<group>"; };
		F198F4771A34D9D1003BEC42 /* interne.app */ = {isa = PBXFileReference; explicitFileType = wrapper.application; includeInIndex = 0; path = interne.app; sourceTree = BUILT_PRODUCTS_DIR; };
		F198F47B1A34D9D1003BEC42 /* Info.plist */ = {isa = PBXFileReference; lastKnownFileType = text.plist; name = Info.plist; path = "Supporting Files/Info.plist"; sourceTree = "<group>"; };
		F198F47C1A34D9D1003BEC42 /* AppDelegate.swift */ = {isa = PBXFileReference; lastKnownFileType = sourcecode.swift; path = AppDelegate.swift; sourceTree = "<group>"; };
		F198F47E1A34D9D1003BEC42 /* FirstViewController.swift */ = {isa = PBXFileReference; lastKnownFileType = sourcecode.swift; path = FirstViewController.swift; sourceTree = "<group>"; };
		F198F4801A34D9D1003BEC42 /* SecondViewController.swift */ = {isa = PBXFileReference; lastKnownFileType = sourcecode.swift; path = SecondViewController.swift; sourceTree = "<group>"; };
		F198F4831A34D9D1003BEC42 /* Base */ = {isa = PBXFileReference; lastKnownFileType = file.storyboard; name = Base; path = Base.lproj/Main.storyboard; sourceTree = "<group>"; };
		F198F4851A34D9D2003BEC42 /* Images.xcassets */ = {isa = PBXFileReference; lastKnownFileType = folder.assetcatalog; path = Images.xcassets; sourceTree = "<group>"; };
		F198F4881A34D9D2003BEC42 /* Base */ = {isa = PBXFileReference; lastKnownFileType = file.xib; name = Base; path = Base.lproj/LaunchScreen.xib; sourceTree = "<group>"; };
		F198F48E1A34D9D2003BEC42 /* interneTests.xctest */ = {isa = PBXFileReference; explicitFileType = wrapper.cfbundle; includeInIndex = 0; path = interneTests.xctest; sourceTree = BUILT_PRODUCTS_DIR; };
		F198F4931A34D9D2003BEC42 /* Info.plist */ = {isa = PBXFileReference; lastKnownFileType = text.plist.xml; path = Info.plist; sourceTree = "<group>"; };
		F198F4941A34D9D2003BEC42 /* interneTests.swift */ = {isa = PBXFileReference; lastKnownFileType = sourcecode.swift; path = interneTests.swift; sourceTree = "<group>"; };
		F198F49E1A34DA62003BEC42 /* ThirdViewController.swift */ = {isa = PBXFileReference; fileEncoding = 4; lastKnownFileType = sourcecode.swift; path = ThirdViewController.swift; sourceTree = "<group>"; };
		F198F4A21A34DBAA003BEC42 /* Block.swift */ = {isa = PBXFileReference; fileEncoding = 4; lastKnownFileType = sourcecode.swift; path = Block.swift; sourceTree = "<group>"; };
		F198F4A41A34E2D5003BEC42 /* Programme.swift */ = {isa = PBXFileReference; fileEncoding = 4; lastKnownFileType = sourcecode.swift; path = Programme.swift; sourceTree = "<group>"; };
		F198F4A81A34E63C003BEC42 /* APIControllerProg.swift */ = {isa = PBXFileReference; fileEncoding = 4; lastKnownFileType = sourcecode.swift; path = APIControllerProg.swift; sourceTree = "<group>"; };
		F1B8CFA51A372BF800B323EB /* ExecuteViewController.swift */ = {isa = PBXFileReference; fileEncoding = 4; lastKnownFileType = sourcecode.swift; path = ExecuteViewController.swift; sourceTree = "<group>"; };
		F1B8CFAD1A3866FE00B323EB /* Node.swift */ = {isa = PBXFileReference; fileEncoding = 4; lastKnownFileType = sourcecode.swift; path = Node.swift; sourceTree = "<group>"; };
		F1B8CFAF1A38673A00B323EB /* Brightness.swift */ = {isa = PBXFileReference; fileEncoding = 4; lastKnownFileType = sourcecode.swift; path = Brightness.swift; sourceTree = "<group>"; };
		F1B8CFB01A38673A00B323EB /* Else.swift */ = {isa = PBXFileReference; fileEncoding = 4; lastKnownFileType = sourcecode.swift; path = Else.swift; sourceTree = "<group>"; };
		F1B8CFB11A38673A00B323EB /* FlashlightOFF.swift */ = {isa = PBXFileReference; fileEncoding = 4; lastKnownFileType = sourcecode.swift; path = FlashlightOFF.swift; sourceTree = "<group>"; };
		F1B8CFB21A38673A00B323EB /* FlashlightON.swift */ = {isa = PBXFileReference; fileEncoding = 4; lastKnownFileType = sourcecode.swift; path = FlashlightON.swift; sourceTree = "<group>"; };
		F1B8CFB31A38673A00B323EB /* IfBrightness.swift */ = {isa = PBXFileReference; fileEncoding = 4; lastKnownFileType = sourcecode.swift; path = IfBrightness.swift; sourceTree = "<group>"; };
		F1B8CFB41A38673A00B323EB /* IfTime.swift */ = {isa = PBXFileReference; fileEncoding = 4; lastKnownFileType = sourcecode.swift; path = IfTime.swift; sourceTree = "<group>"; };
		F1B8CFB51A38673A00B323EB /* Then.swift */ = {isa = PBXFileReference; fileEncoding = 4; lastKnownFileType = sourcecode.swift; path = Then.swift; sourceTree = "<group>"; };
		F1B8CFB61A38673A00B323EB /* Vibrate.swift */ = {isa = PBXFileReference; fileEncoding = 4; lastKnownFileType = sourcecode.swift; path = Vibrate.swift; sourceTree = "<group>"; };
		F1B8CFB71A38673A00B323EB /* Wait.swift */ = {isa = PBXFileReference; fileEncoding = 4; lastKnownFileType = sourcecode.swift; path = Wait.swift; sourceTree = "<group>"; };
/* End PBXFileReference section */

/* Begin PBXFrameworksBuildPhase section */
		F198F4741A34D9D1003BEC42 /* Frameworks */ = {
			isa = PBXFrameworksBuildPhase;
			buildActionMask = 2147483647;
			files = (
			);
			runOnlyForDeploymentPostprocessing = 0;
		};
		F198F48B1A34D9D2003BEC42 /* Frameworks */ = {
			isa = PBXFrameworksBuildPhase;
			buildActionMask = 2147483647;
			files = (
			);
			runOnlyForDeploymentPostprocessing = 0;
		};
/* End PBXFrameworksBuildPhase section */

/* Begin PBXGroup section */
		F11475E81A39A86300789282 /* Images */ = {
			isa = PBXGroup;
			children = (
				F11475E91A39AA4300789282 /* hammer.png */,
				F11475EB1A39AA5200789282 /* logic.png */,
				F11475ED1A39AA6300789282 /* action.png */,
				F11475E21A39A85800789282 /* puzzle.png */,
				F11475E31A39A85800789282 /* quizz.png */,
				F11475E41A39A85800789282 /* brain.png */,
			);
			name = Images;
			sourceTree = "<group>";
		};
		F198F46E1A34D9D1003BEC42 = {
			isa = PBXGroup;
			children = (
				F11475E81A39A86300789282 /* Images */,
				F198F4791A34D9D1003BEC42 /* interne */,
				F198F4911A34D9D2003BEC42 /* interneTests */,
				F198F4781A34D9D1003BEC42 /* Products */,
			);
			sourceTree = "<group>";
		};
		F198F4781A34D9D1003BEC42 /* Products */ = {
			isa = PBXGroup;
			children = (
				F198F4771A34D9D1003BEC42 /* interne.app */,
				F198F48E1A34D9D2003BEC42 /* interneTests.xctest */,
			);
			name = Products;
			sourceTree = "<group>";
		};
		F198F4791A34D9D1003BEC42 /* interne */ = {
			isa = PBXGroup;
			children = (
				F198F47C1A34D9D1003BEC42 /* AppDelegate.swift */,
				F198F47E1A34D9D1003BEC42 /* FirstViewController.swift */,
				F198F4A21A34DBAA003BEC42 /* Block.swift */,
				F198F4A41A34E2D5003BEC42 /* Programme.swift */,
				F1B8CFAD1A3866FE00B323EB /* Node.swift */,
				F1B8CFAF1A38673A00B323EB /* Brightness.swift */,
				F1B8CFB01A38673A00B323EB /* Else.swift */,
				F1B8CFB11A38673A00B323EB /* FlashlightOFF.swift */,
				F1B8CFB21A38673A00B323EB /* FlashlightON.swift */,
				F1B8CFB31A38673A00B323EB /* IfBrightness.swift */,
				F1B8CFB41A38673A00B323EB /* IfTime.swift */,
				F1B8CFB51A38673A00B323EB /* Then.swift */,
				F1B8CFB61A38673A00B323EB /* Vibrate.swift */,
				F1B8CFB71A38673A00B323EB /* Wait.swift */,
				F198F4801A34D9D1003BEC42 /* SecondViewController.swift */,
				F162111D1A3878120074AC2F /* APIController.swift */,
				F198F4821A34D9D1003BEC42 /* Main.storyboard */,
				F1B8CFA51A372BF800B323EB /* ExecuteViewController.swift */,
				F198F4A81A34E63C003BEC42 /* APIControllerProg.swift */,
				F198F49E1A34DA62003BEC42 /* ThirdViewController.swift */,
				F198F4851A34D9D2003BEC42 /* Images.xcassets */,
				F198F4871A34D9D2003BEC42 /* LaunchScreen.xib */,
				F198F47A1A34D9D1003BEC42 /* Supporting Files */,
			);
			name = interne;
			sourceTree = "<group>";
		};
		F198F47A1A34D9D1003BEC42 /* Supporting Files */ = {
			isa = PBXGroup;
			children = (
				F198F47B1A34D9D1003BEC42 /* Info.plist */,
			);
			name = "Supporting Files";
			path = "../Supporting Files";
			sourceTree = "<group>";
		};
		F198F4911A34D9D2003BEC42 /* interneTests */ = {
			isa = PBXGroup;
			children = (
				F198F4941A34D9D2003BEC42 /* interneTests.swift */,
				F198F4921A34D9D2003BEC42 /* Supporting Files */,
			);
			path = interneTests;
			sourceTree = "<group>";
		};
		F198F4921A34D9D2003BEC42 /* Supporting Files */ = {
			isa = PBXGroup;
			children = (
				F198F4931A34D9D2003BEC42 /* Info.plist */,
			);
			name = "Supporting Files";
			sourceTree = "<group>";
		};
/* End PBXGroup section */

/* Begin PBXNativeTarget section */
		F198F4761A34D9D1003BEC42 /* interne */ = {
			isa = PBXNativeTarget;
			buildConfigurationList = F198F4981A34D9D2003BEC42 /* Build configuration list for PBXNativeTarget "interne" */;
			buildPhases = (
				F198F4731A34D9D1003BEC42 /* Sources */,
				F198F4741A34D9D1003BEC42 /* Frameworks */,
				F198F4751A34D9D1003BEC42 /* Resources */,
			);
			buildRules = (
			);
			dependencies = (
			);
			name = interne;
			productName = interne;
			productReference = F198F4771A34D9D1003BEC42 /* interne.app */;
			productType = "com.apple.product-type.application";
		};
		F198F48D1A34D9D2003BEC42 /* interneTests */ = {
			isa = PBXNativeTarget;
			buildConfigurationList = F198F49B1A34D9D2003BEC42 /* Build configuration list for PBXNativeTarget "interneTests" */;
			buildPhases = (
				F198F48A1A34D9D2003BEC42 /* Sources */,
				F198F48B1A34D9D2003BEC42 /* Frameworks */,
				F198F48C1A34D9D2003BEC42 /* Resources */,
			);
			buildRules = (
			);
			dependencies = (
				F198F4901A34D9D2003BEC42 /* PBXTargetDependency */,
			);
			name = interneTests;
			productName = interneTests;
			productReference = F198F48E1A34D9D2003BEC42 /* interneTests.xctest */;
			productType = "com.apple.product-type.bundle.unit-test";
		};
/* End PBXNativeTarget section */

/* Begin PBXProject section */
		F198F46F1A34D9D1003BEC42 /* Project object */ = {
			isa = PBXProject;
			attributes = {
				LastUpgradeCheck = 0610;
				ORGANIZATIONNAME = "Nathanaël Romano";
				TargetAttributes = {
					F198F4761A34D9D1003BEC42 = {
						CreatedOnToolsVersion = 6.1;
						DevelopmentTeam = 99RFMJRDX3;
					};
					F198F48D1A34D9D2003BEC42 = {
						CreatedOnToolsVersion = 6.1;
						TestTargetID = F198F4761A34D9D1003BEC42;
					};
				};
			};
			buildConfigurationList = F198F4721A34D9D1003BEC42 /* Build configuration list for PBXProject "interne" */;
			compatibilityVersion = "Xcode 3.2";
			developmentRegion = English;
			hasScannedForEncodings = 0;
			knownRegions = (
				en,
				Base,
			);
			mainGroup = F198F46E1A34D9D1003BEC42;
			productRefGroup = F198F4781A34D9D1003BEC42 /* Products */;
			projectDirPath = "";
			projectRoot = "";
			targets = (
				F198F4761A34D9D1003BEC42 /* interne */,
				F198F48D1A34D9D2003BEC42 /* interneTests */,
			);
		};
/* End PBXProject section */

/* Begin PBXResourcesBuildPhase section */
		F198F4751A34D9D1003BEC42 /* Resources */ = {
			isa = PBXResourcesBuildPhase;
			buildActionMask = 2147483647;
			files = (
				F11475EA1A39AA4300789282 /* hammer.png in Resources */,
				F198F4841A34D9D1003BEC42 /* Main.storyboard in Resources */,
				F11475EC1A39AA5200789282 /* logic.png in Resources */,
				F11475E61A39A85800789282 /* quizz.png in Resources */,
				F11475E71A39A85800789282 /* brain.png in Resources */,
				F198F4891A34D9D2003BEC42 /* LaunchScreen.xib in Resources */,
				F198F4861A34D9D2003BEC42 /* Images.xcassets in Resources */,
				F11475EE1A39AA6300789282 /* action.png in Resources */,
				F11475E51A39A85800789282 /* puzzle.png in Resources */,
			);
			runOnlyForDeploymentPostprocessing = 0;
		};
		F198F48C1A34D9D2003BEC42 /* Resources */ = {
			isa = PBXResourcesBuildPhase;
			buildActionMask = 2147483647;
			files = (
			);
			runOnlyForDeploymentPostprocessing = 0;
		};
/* End PBXResourcesBuildPhase section */

/* Begin PBXSourcesBuildPhase section */
		F198F4731A34D9D1003BEC42 /* Sources */ = {
			isa = PBXSourcesBuildPhase;
			buildActionMask = 2147483647;
			files = (
				F198F4A51A34E2D5003BEC42 /* Programme.swift in Sources */,
				F1B8CFBF1A38673A00B323EB /* Vibrate.swift in Sources */,
				F1B8CFB81A38673A00B323EB /* Brightness.swift in Sources */,
				F1B8CFBE1A38673A00B323EB /* Then.swift in Sources */,
				F162111E1A3878120074AC2F /* APIController.swift in Sources */,
				F1B8CFB91A38673A00B323EB /* Else.swift in Sources */,
				F1B8CFC01A38673A00B323EB /* Wait.swift in Sources */,
				F198F4811A34D9D1003BEC42 /* SecondViewController.swift in Sources */,
				F1B8CFBB1A38673A00B323EB /* FlashlightON.swift in Sources */,
				F1B8CFBD1A38673A00B323EB /* IfTime.swift in Sources */,
				F198F47D1A34D9D1003BEC42 /* AppDelegate.swift in Sources */,
				F1B8CFAE1A3866FE00B323EB /* Node.swift in Sources */,
				F1B8CFA61A372BF800B323EB /* ExecuteViewController.swift in Sources */,
				F1B8CFBA1A38673A00B323EB /* FlashlightOFF.swift in Sources */,
				F1B8CFBC1A38673A00B323EB /* IfBrightness.swift in Sources */,
				F198F49F1A34DA62003BEC42 /* ThirdViewController.swift in Sources */,
				F198F4A31A34DBAA003BEC42 /* Block.swift in Sources */,
				F198F47F1A34D9D1003BEC42 /* FirstViewController.swift in Sources */,
				F198F4A91A34E63C003BEC42 /* APIControllerProg.swift in Sources */,
			);
			runOnlyForDeploymentPostprocessing = 0;
		};
		F198F48A1A34D9D2003BEC42 /* Sources */ = {
			isa = PBXSourcesBuildPhase;
			buildActionMask = 2147483647;
			files = (
				F198F4951A34D9D2003BEC42 /* interneTests.swift in Sources */,
			);
			runOnlyForDeploymentPostprocessing = 0;
		};
/* End PBXSourcesBuildPhase section */

/* Begin PBXTargetDependency section */
		F198F4901A34D9D2003BEC42 /* PBXTargetDependency */ = {
			isa = PBXTargetDependency;
			target = F198F4761A34D9D1003BEC42 /* interne */;
			targetProxy = F198F48F1A34D9D2003BEC42 /* PBXContainerItemProxy */;
		};
/* End PBXTargetDependency section */

/* Begin PBXVariantGroup section */
		F198F4821A34D9D1003BEC42 /* Main.storyboard */ = {
			isa = PBXVariantGroup;
			children = (
				F198F4831A34D9D1003BEC42 /* Base */,
			);
			name = Main.storyboard;
			path = /Users/dsromano/Documents/interne;
			sourceTree = "<absolute>";
		};
		F198F4871A34D9D2003BEC42 /* LaunchScreen.xib */ = {
			isa = PBXVariantGroup;
			children = (
				F198F4881A34D9D2003BEC42 /* Base */,
			);
			name = LaunchScreen.xib;
			path = /Users/dsromano/Documents/interne;
			sourceTree = "<absolute>";
		};
/* End PBXVariantGroup section */

/* Begin XCBuildConfiguration section */
		F198F4961A34D9D2003BEC42 /* Debug */ = {
			isa = XCBuildConfiguration;
			buildSettings = {
				ALWAYS_SEARCH_USER_PATHS = NO;
				CLANG_CXX_LANGUAGE_STANDARD = "gnu++0x";
				CLANG_CXX_LIBRARY = "libc++";
				CLANG_ENABLE_MODULES = YES;
				CLANG_ENABLE_OBJC_ARC = YES;
				CLANG_WARN_BOOL_CONVERSION = YES;
				CLANG_WARN_CONSTANT_CONVERSION = YES;
				CLANG_WARN_DIRECT_OBJC_ISA_USAGE = YES_ERROR;
				CLANG_WARN_EMPTY_BODY = YES;
				CLANG_WARN_ENUM_CONVERSION = YES;
				CLANG_WARN_INT_CONVERSION = YES;
				CLANG_WARN_OBJC_ROOT_CLASS = YES_ERROR;
				CLANG_WARN_UNREACHABLE_CODE = YES;
				CLANG_WARN__DUPLICATE_METHOD_MATCH = YES;
				"CODE_SIGN_IDENTITY[sdk=iphoneos*]" = "iPhone Developer";
				COPY_PHASE_STRIP = NO;
				ENABLE_STRICT_OBJC_MSGSEND = YES;
				GCC_C_LANGUAGE_STANDARD = gnu99;
				GCC_DYNAMIC_NO_PIC = NO;
				GCC_OPTIMIZATION_LEVEL = 0;
				GCC_PREPROCESSOR_DEFINITIONS = (
					"DEBUG=1",
					"$(inherited)",
				);
				GCC_SYMBOLS_PRIVATE_EXTERN = NO;
				GCC_WARN_64_TO_32_BIT_CONVERSION = YES;
				GCC_WARN_ABOUT_RETURN_TYPE = YES_ERROR;
				GCC_WARN_UNDECLARED_SELECTOR = YES;
				GCC_WARN_UNINITIALIZED_AUTOS = YES_AGGRESSIVE;
				GCC_WARN_UNUSED_FUNCTION = YES;
				GCC_WARN_UNUSED_VARIABLE = YES;
				IPHONEOS_DEPLOYMENT_TARGET = 8.1;
				MTL_ENABLE_DEBUG_INFO = YES;
				ONLY_ACTIVE_ARCH = YES;
				SDKROOT = iphoneos;
				SWIFT_OPTIMIZATION_LEVEL = "-Onone";
			};
			name = Debug;
		};
		F198F4971A34D9D2003BEC42 /* Release */ = {
			isa = XCBuildConfiguration;
			buildSettings = {
				ALWAYS_SEARCH_USER_PATHS = NO;
				CLANG_CXX_LANGUAGE_STANDARD = "gnu++0x";
				CLANG_CXX_LIBRARY = "libc++";
				CLANG_ENABLE_MODULES = YES;
				CLANG_ENABLE_OBJC_ARC = YES;
				CLANG_WARN_BOOL_CONVERSION = YES;
				CLANG_WARN_CONSTANT_CONVERSION = YES;
				CLANG_WARN_DIRECT_OBJC_ISA_USAGE = YES_ERROR;
				CLANG_WARN_EMPTY_BODY = YES;
				CLANG_WARN_ENUM_CONVERSION = YES;
				CLANG_WARN_INT_CONVERSION = YES;
				CLANG_WARN_OBJC_ROOT_CLASS = YES_ERROR;
				CLANG_WARN_UNREACHABLE_CODE = YES;
				CLANG_WARN__DUPLICATE_METHOD_MATCH = YES;
				"CODE_SIGN_IDENTITY[sdk=iphoneos*]" = "iPhone Developer";
				COPY_PHASE_STRIP = YES;
				ENABLE_NS_ASSERTIONS = NO;
				ENABLE_STRICT_OBJC_MSGSEND = YES;
				GCC_C_LANGUAGE_STANDARD = gnu99;
				GCC_WARN_64_TO_32_BIT_CONVERSION = YES;
				GCC_WARN_ABOUT_RETURN_TYPE = YES_ERROR;
				GCC_WARN_UNDECLARED_SELECTOR = YES;
				GCC_WARN_UNINITIALIZED_AUTOS = YES_AGGRESSIVE;
				GCC_WARN_UNUSED_FUNCTION = YES;
				GCC_WARN_UNUSED_VARIABLE = YES;
				IPHONEOS_DEPLOYMENT_TARGET = 8.1;
				MTL_ENABLE_DEBUG_INFO = NO;
				SDKROOT = iphoneos;
				VALIDATE_PRODUCT = YES;
			};
			name = Release;
		};
		F198F4991A34D9D2003BEC42 /* Debug */ = {
			isa = XCBuildConfiguration;
			buildSettings = {
				ASSETCATALOG_COMPILER_APPICON_NAME = AppIcon;
				ASSETCATALOG_COMPILER_LAUNCHIMAGE_NAME = "LaunchImage-2";
				CODE_SIGN_IDENTITY = "iPhone Developer";
				"CODE_SIGN_IDENTITY[sdk=iphoneos*]" = "iPhone Developer";
				INFOPLIST_FILE = "$(SRCROOT)/Supporting Files/Info.plist";
				LD_RUNPATH_SEARCH_PATHS = "$(inherited) @executable_path/Frameworks";
				PRODUCT_NAME = "$(TARGET_NAME)";
				PROVISIONING_PROFILE = "";
			};
			name = Debug;
		};
		F198F49A1A34D9D2003BEC42 /* Release */ = {
			isa = XCBuildConfiguration;
			buildSettings = {
				ASSETCATALOG_COMPILER_APPICON_NAME = AppIcon;
				ASSETCATALOG_COMPILER_LAUNCHIMAGE_NAME = "LaunchImage-2";
				CODE_SIGN_IDENTITY = "iPhone Developer";
				"CODE_SIGN_IDENTITY[sdk=iphoneos*]" = "iPhone Developer";
				INFOPLIST_FILE = "$(SRCROOT)/Supporting Files/Info.plist";
				LD_RUNPATH_SEARCH_PATHS = "$(inherited) @executable_path/Frameworks";
				PRODUCT_NAME = "$(TARGET_NAME)";
				PROVISIONING_PROFILE = "";
			};
			name = Release;
		};
		F198F49C1A34D9D2003BEC42 /* Debug */ = {
			isa = XCBuildConfiguration;
			buildSettings = {
				BUNDLE_LOADER = "$(TEST_HOST)";
				FRAMEWORK_SEARCH_PATHS = (
					"$(SDKROOT)/Developer/Library/Frameworks",
					"$(inherited)",
				);
				GCC_PREPROCESSOR_DEFINITIONS = (
					"DEBUG=1",
					"$(inherited)",
				);
				INFOPLIST_FILE = interneTests/Info.plist;
				LD_RUNPATH_SEARCH_PATHS = "$(inherited) @executable_path/Frameworks @loader_path/Frameworks";
				PRODUCT_NAME = "$(TARGET_NAME)";
				TEST_HOST = "$(BUILT_PRODUCTS_DIR)/interne.app/interne";
			};
			name = Debug;
		};
		F198F49D1A34D9D2003BEC42 /* Release */ = {
			isa = XCBuildConfiguration;
			buildSettings = {
				BUNDLE_LOADER = "$(TEST_HOST)";
				FRAMEWORK_SEARCH_PATHS = (
					"$(SDKROOT)/Developer/Library/Frameworks",
					"$(inherited)",
				);
				INFOPLIST_FILE = interneTests/Info.plist;
				LD_RUNPATH_SEARCH_PATHS = "$(inherited) @executable_path/Frameworks @loader_path/Frameworks";
				PRODUCT_NAME = "$(TARGET_NAME)";
				TEST_HOST = "$(BUILT_PRODUCTS_DIR)/interne.app/interne";
			};
			name = Release;
		};
/* End XCBuildConfiguration section */

/* Begin XCConfigurationList section */
		F198F4721A34D9D1003BEC42 /* Build configuration list for PBXProject "interne" */ = {
			isa = XCConfigurationList;
			buildConfigurations = (
				F198F4961A34D9D2003BEC42 /* Debug */,
				F198F4971A34D9D2003BEC42 /* Release */,
			);
			defaultConfigurationIsVisible = 0;
			defaultConfigurationName = Release;
		};
		F198F4981A34D9D2003BEC42 /* Build configuration list for PBXNativeTarget "interne" */ = {
			isa = XCConfigurationList;
			buildConfigurations = (
				F198F4991A34D9D2003BEC42 /* Debug */,
				F198F49A1A34D9D2003BEC42 /* Release */,
			);
			defaultConfigurationIsVisible = 0;
			defaultConfigurationName = Release;
		};
		F198F49B1A34D9D2003BEC42 /* Build configuration list for PBXNativeTarget "interneTests" */ = {
			isa = XCConfigurationList;
			buildConfigurations = (
				F198F49C1A34D9D2003BEC42 /* Debug */,
				F198F49D1A34D9D2003BEC42 /* Release */,
			);
			defaultConfigurationIsVisible = 0;
			defaultConfigurationName = Release;
		};
/* End XCConfigurationList section */
	};
	rootObject = F198F46F1A34D9D1003BEC42 /* Project object */;
}
